// !$*UTF8*$!
{
	archiveVersion = 1;
	classes = {
	};
	objectVersion = 56;
	objects = {

/* Begin PBXBuildFile section */
		BF3B4E542C1947FB002DF515 /* main.cpp in Sources */ = {isa = PBXBuildFile; fileRef = BF3B4E532C1947FB002DF515 /* main.cpp */; };
		BF7132F42C19E4BF00B5374C /* MainMenuState.cpp in Sources */ = {isa = PBXBuildFile; fileRef = BF7132F22C19E4BF00B5374C /* MainMenuState.cpp */; };
		BF7132F72C19E95700B5374C /* GameState.cpp in Sources */ = {isa = PBXBuildFile; fileRef = BF7132F52C19E95700B5374C /* GameState.cpp */; };
		BF7132FA2C19EB3F00B5374C /* GameOverState.cpp in Sources */ = {isa = PBXBuildFile; fileRef = BF7132F82C19EB3F00B5374C /* GameOverState.cpp */; };
		BF7132FD2C1A420100B5374C /* Pipe.cpp in Sources */ = {isa = PBXBuildFile; fileRef = BF7132FB2C1A420100B5374C /* Pipe.cpp */; };
		BF7133002C1A4B0600B5374C /* Land.cpp in Sources */ = {isa = PBXBuildFile; fileRef = BF7132FE2C1A4B0600B5374C /* Land.cpp */; };
		BF7133032C1AB71B00B5374C /* Bird.cpp in Sources */ = {isa = PBXBuildFile; fileRef = BF7133012C1AB71B00B5374C /* Bird.cpp */; };
		BF7133062C1C122A00B5374C /* Collision.cpp in Sources */ = {isa = PBXBuildFile; fileRef = BF7133042C1C122A00B5374C /* Collision.cpp */; };
		BF7133092C1C190B00B5374C /* Flash.cpp in Sources */ = {isa = PBXBuildFile; fileRef = BF7133072C1C190B00B5374C /* Flash.cpp */; };
		BF82C0AF2C1C891200A31D29 /* HUD.cpp in Sources */ = {isa = PBXBuildFile; fileRef = BF82C0AD2C1C891200A31D29 /* HUD.cpp */; };
		BF96A3CB2C194EA10058919F /* libsfml-audio.2.6.1.dylib in Frameworks */ = {isa = PBXBuildFile; fileRef = BF3B4E5B2C19499F002DF515 /* libsfml-audio.2.6.1.dylib */; };
		BF96A3CC2C194EA10058919F /* libsfml-graphics.2.6.1.dylib in Frameworks */ = {isa = PBXBuildFile; fileRef = BF3B4E5F2C19499F002DF515 /* libsfml-graphics.2.6.1.dylib */; };
		BF96A3CD2C194EA10058919F /* libsfml-network.2.6.1.dylib in Frameworks */ = {isa = PBXBuildFile; fileRef = BF3B4E5C2C19499F002DF515 /* libsfml-network.2.6.1.dylib */; };
		BF96A3CE2C194EA10058919F /* libsfml-system.2.6.1.dylib in Frameworks */ = {isa = PBXBuildFile; fileRef = BF3B4E5E2C19499F002DF515 /* libsfml-system.2.6.1.dylib */; };
		BF96A3CF2C194EA10058919F /* libsfml-window.2.6.1.dylib in Frameworks */ = {isa = PBXBuildFile; fileRef = BF3B4E5D2C19499F002DF515 /* libsfml-window.2.6.1.dylib */; };
		BF96A3D32C19506E0058919F /* StateMachine.cpp in Sources */ = {isa = PBXBuildFile; fileRef = BF96A3D12C19506E0058919F /* StateMachine.cpp */; };
		BF96A3D62C195E6A0058919F /* AssetManager.cpp in Sources */ = {isa = PBXBuildFile; fileRef = BF96A3D42C195E6A0058919F /* AssetManager.cpp */; };
		BF96A3D92C1961700058919F /* InputManager.cpp in Sources */ = {isa = PBXBuildFile; fileRef = BF96A3D72C1961700058919F /* InputManager.cpp */; };
		BF96A3DC2C1964820058919F /* Game.cpp in Sources */ = {isa = PBXBuildFile; fileRef = BF96A3DA2C1964820058919F /* Game.cpp */; };
		BF96A4382C196AC70058919F /* SplashState.cpp in Sources */ = {isa = PBXBuildFile; fileRef = BF96A4362C196AC70058919F /* SplashState.cpp */; };
		BF96A4402C196F800058919F /* Resources in CopyFiles */ = {isa = PBXBuildFile; fileRef = BF96A43F2C196F730058919F /* Resources */; };
/* End PBXBuildFile section */

/* Begin PBXCopyFilesBuildPhase section */
		BF3B4E4E2C1947FA002DF515 /* CopyFiles */ = {
			isa = PBXCopyFilesBuildPhase;
			buildActionMask = 2147483647;
			dstPath = /usr/share/man/man1/;
			dstSubfolderSpec = 0;
			files = (
			);
			runOnlyForDeploymentPostprocessing = 1;
		};
		BF96A4332C1969F90058919F /* CopyFiles */ = {
			isa = PBXCopyFilesBuildPhase;
			buildActionMask = 12;
			dstPath = "";
			dstSubfolderSpec = 7;
			files = (
				BF96A4402C196F800058919F /* Resources in CopyFiles */,
			);
			runOnlyForDeploymentPostprocessing = 0;
		};
/* End PBXCopyFilesBuildPhase section */

/* Begin PBXFileReference section */
		BF3B4E502C1947FA002DF515 /* Flappy */ = {isa = PBXFileReference; explicitFileType = "compiled.mach-o.executable"; includeInIndex = 0; path = Flappy; sourceTree = BUILT_PRODUCTS_DIR; };
		BF3B4E532C1947FB002DF515 /* main.cpp */ = {isa = PBXFileReference; lastKnownFileType = sourcecode.cpp.cpp; path = main.cpp; sourceTree = "<group>"; };
		BF3B4E5B2C19499F002DF515 /* libsfml-audio.2.6.1.dylib */ = {isa = PBXFileReference; lastKnownFileType = "compiled.mach-o.dylib"; name = "libsfml-audio.2.6.1.dylib"; path = "../External Libraries/SFML/lib/libsfml-audio.2.6.1.dylib"; sourceTree = "<group>"; };
		BF3B4E5C2C19499F002DF515 /* libsfml-network.2.6.1.dylib */ = {isa = PBXFileReference; lastKnownFileType = "compiled.mach-o.dylib"; name = "libsfml-network.2.6.1.dylib"; path = "../External Libraries/SFML/lib/libsfml-network.2.6.1.dylib"; sourceTree = "<group>"; };
		BF3B4E5D2C19499F002DF515 /* libsfml-window.2.6.1.dylib */ = {isa = PBXFileReference; lastKnownFileType = "compiled.mach-o.dylib"; name = "libsfml-window.2.6.1.dylib"; path = "../External Libraries/SFML/lib/libsfml-window.2.6.1.dylib"; sourceTree = "<group>"; };
		BF3B4E5E2C19499F002DF515 /* libsfml-system.2.6.1.dylib */ = {isa = PBXFileReference; lastKnownFileType = "compiled.mach-o.dylib"; name = "libsfml-system.2.6.1.dylib"; path = "../External Libraries/SFML/lib/libsfml-system.2.6.1.dylib"; sourceTree = "<group>"; };
		BF3B4E5F2C19499F002DF515 /* libsfml-graphics.2.6.1.dylib */ = {isa = PBXFileReference; lastKnownFileType = "compiled.mach-o.dylib"; name = "libsfml-graphics.2.6.1.dylib"; path = "../External Libraries/SFML/lib/libsfml-graphics.2.6.1.dylib"; sourceTree = "<group>"; };
		BF7132F22C19E4BF00B5374C /* MainMenuState.cpp */ = {isa = PBXFileReference; lastKnownFileType = sourcecode.cpp.cpp; path = MainMenuState.cpp; sourceTree = "<group>"; };
		BF7132F32C19E4BF00B5374C /* MainMenuState.hpp */ = {isa = PBXFileReference; lastKnownFileType = sourcecode.cpp.h; path = MainMenuState.hpp; sourceTree = "<group>"; };
		BF7132F52C19E95700B5374C /* GameState.cpp */ = {isa = PBXFileReference; lastKnownFileType = sourcecode.cpp.cpp; path = GameState.cpp; sourceTree = "<group>"; };
		BF7132F62C19E95700B5374C /* GameState.hpp */ = {isa = PBXFileReference; lastKnownFileType = sourcecode.cpp.h; path = GameState.hpp; sourceTree = "<group>"; };
		BF7132F82C19EB3F00B5374C /* GameOverState.cpp */ = {isa = PBXFileReference; lastKnownFileType = sourcecode.cpp.cpp; path = GameOverState.cpp; sourceTree = "<group>"; };
		BF7132F92C19EB3F00B5374C /* GameOverState.hpp */ = {isa = PBXFileReference; lastKnownFileType = sourcecode.cpp.h; path = GameOverState.hpp; sourceTree = "<group>"; };
		BF7132FB2C1A420100B5374C /* Pipe.cpp */ = {isa = PBXFileReference; lastKnownFileType = sourcecode.cpp.cpp; path = Pipe.cpp; sourceTree = "<group>"; };
		BF7132FC2C1A420100B5374C /* Pipe.hpp */ = {isa = PBXFileReference; lastKnownFileType = sourcecode.cpp.h; path = Pipe.hpp; sourceTree = "<group>"; };
		BF7132FE2C1A4B0600B5374C /* Land.cpp */ = {isa = PBXFileReference; lastKnownFileType = sourcecode.cpp.cpp; path = Land.cpp; sourceTree = "<group>"; };
		BF7132FF2C1A4B0600B5374C /* Land.hpp */ = {isa = PBXFileReference; lastKnownFileType = sourcecode.cpp.h; path = Land.hpp; sourceTree = "<group>"; };
		BF7133012C1AB71B00B5374C /* Bird.cpp */ = {isa = PBXFileReference; lastKnownFileType = sourcecode.cpp.cpp; path = Bird.cpp; sourceTree = "<group>"; };
		BF7133022C1AB71B00B5374C /* Bird.hpp */ = {isa = PBXFileReference; lastKnownFileType = sourcecode.cpp.h; path = Bird.hpp; sourceTree = "<group>"; };
		BF7133042C1C122A00B5374C /* Collision.cpp */ = {isa = PBXFileReference; lastKnownFileType = sourcecode.cpp.cpp; path = Collision.cpp; sourceTree = "<group>"; };
		BF7133052C1C122A00B5374C /* Collision.hpp */ = {isa = PBXFileReference; lastKnownFileType = sourcecode.cpp.h; path = Collision.hpp; sourceTree = "<group>"; };
		BF7133072C1C190B00B5374C /* Flash.cpp */ = {isa = PBXFileReference; lastKnownFileType = sourcecode.cpp.cpp; path = Flash.cpp; sourceTree = "<group>"; };
		BF7133082C1C190B00B5374C /* Flash.hpp */ = {isa = PBXFileReference; lastKnownFileType = sourcecode.cpp.h; path = Flash.hpp; sourceTree = "<group>"; };
		BF82C0AD2C1C891200A31D29 /* HUD.cpp */ = {isa = PBXFileReference; lastKnownFileType = sourcecode.cpp.cpp; path = HUD.cpp; sourceTree = "<group>"; };
		BF82C0AE2C1C891200A31D29 /* HUD.hpp */ = {isa = PBXFileReference; lastKnownFileType = sourcecode.cpp.h; path = HUD.hpp; sourceTree = "<group>"; };
		BF96A3D02C194FA90058919F /* State.hpp */ = {isa = PBXFileReference; lastKnownFileType = sourcecode.cpp.h; path = State.hpp; sourceTree = "<group>"; };
		BF96A3D12C19506E0058919F /* StateMachine.cpp */ = {isa = PBXFileReference; lastKnownFileType = sourcecode.cpp.cpp; path = StateMachine.cpp; sourceTree = "<group>"; };
		BF96A3D22C19506E0058919F /* StateMachine.hpp */ = {isa = PBXFileReference; lastKnownFileType = sourcecode.cpp.h; path = StateMachine.hpp; sourceTree = "<group>"; };
		BF96A3D42C195E6A0058919F /* AssetManager.cpp */ = {isa = PBXFileReference; lastKnownFileType = sourcecode.cpp.cpp; path = AssetManager.cpp; sourceTree = "<group>"; };
		BF96A3D52C195E6A0058919F /* AssetManager.hpp */ = {isa = PBXFileReference; lastKnownFileType = sourcecode.cpp.h; path = AssetManager.hpp; sourceTree = "<group>"; };
		BF96A3D72C1961700058919F /* InputManager.cpp */ = {isa = PBXFileReference; lastKnownFileType = sourcecode.cpp.cpp; path = InputManager.cpp; sourceTree = "<group>"; };
		BF96A3D82C1961700058919F /* InputManager.hpp */ = {isa = PBXFileReference; lastKnownFileType = sourcecode.cpp.h; path = InputManager.hpp; sourceTree = "<group>"; };
		BF96A3DA2C1964820058919F /* Game.cpp */ = {isa = PBXFileReference; lastKnownFileType = sourcecode.cpp.cpp; path = Game.cpp; sourceTree = "<group>"; };
		BF96A3DB2C1964820058919F /* Game.hpp */ = {isa = PBXFileReference; lastKnownFileType = sourcecode.cpp.h; path = Game.hpp; sourceTree = "<group>"; };
		BF96A4352C196A300058919F /* DEFINITIONS.hpp */ = {isa = PBXFileReference; lastKnownFileType = sourcecode.cpp.h; path = DEFINITIONS.hpp; sourceTree = "<group>"; };
		BF96A4362C196AC70058919F /* SplashState.cpp */ = {isa = PBXFileReference; lastKnownFileType = sourcecode.cpp.cpp; path = SplashState.cpp; sourceTree = "<group>"; };
		BF96A4372C196AC70058919F /* SplashState.hpp */ = {isa = PBXFileReference; lastKnownFileType = sourcecode.cpp.h; path = SplashState.hpp; sourceTree = "<group>"; };
		BF96A43F2C196F730058919F /* Resources */ = {isa = PBXFileReference; lastKnownFileType = folder; path = Resources; sourceTree = "<group>"; };
/* End PBXFileReference section */

/* Begin PBXFrameworksBuildPhase section */
		BF3B4E4D2C1947FA002DF515 /* Frameworks */ = {
			isa = PBXFrameworksBuildPhase;
			buildActionMask = 2147483647;
			files = (
				BF96A3CB2C194EA10058919F /* libsfml-audio.2.6.1.dylib in Frameworks */,
				BF96A3CC2C194EA10058919F /* libsfml-graphics.2.6.1.dylib in Frameworks */,
				BF96A3CD2C194EA10058919F /* libsfml-network.2.6.1.dylib in Frameworks */,
				BF96A3CE2C194EA10058919F /* libsfml-system.2.6.1.dylib in Frameworks */,
				BF96A3CF2C194EA10058919F /* libsfml-window.2.6.1.dylib in Frameworks */,
			);
			runOnlyForDeploymentPostprocessing = 0;
		};
/* End PBXFrameworksBuildPhase section */

/* Begin PBXGroup section */
		BF3B4E472C1947FA002DF515 = {
			isa = PBXGroup;
			children = (
				BF3B4E522C1947FA002DF515 /* Flappy */,
				BF3B4E512C1947FA002DF515 /* Products */,
				BF3B4E5A2C19499F002DF515 /* Frameworks */,
			);
			sourceTree = "<group>";
		};
		BF3B4E512C1947FA002DF515 /* Products */ = {
			isa = PBXGroup;
			children = (
				BF3B4E502C1947FA002DF515 /* Flappy */,
			);
			name = Products;
			sourceTree = "<group>";
		};
		BF3B4E522C1947FA002DF515 /* Flappy */ = {
			isa = PBXGroup;
			children = (
				BF96A43F2C196F730058919F /* Resources */,
				BF3B4E532C1947FB002DF515 /* main.cpp */,
				BF96A3D02C194FA90058919F /* State.hpp */,
				BF96A3D12C19506E0058919F /* StateMachine.cpp */,
				BF96A3D22C19506E0058919F /* StateMachine.hpp */,
				BF96A3D42C195E6A0058919F /* AssetManager.cpp */,
				BF96A3D52C195E6A0058919F /* AssetManager.hpp */,
				BF96A3D72C1961700058919F /* InputManager.cpp */,
				BF96A3D82C1961700058919F /* InputManager.hpp */,
				BF96A3DA2C1964820058919F /* Game.cpp */,
				BF96A3DB2C1964820058919F /* Game.hpp */,
				BF96A4352C196A300058919F /* DEFINITIONS.hpp */,
				BF96A4362C196AC70058919F /* SplashState.cpp */,
				BF96A4372C196AC70058919F /* SplashState.hpp */,
				BF7132F22C19E4BF00B5374C /* MainMenuState.cpp */,
				BF7132F32C19E4BF00B5374C /* MainMenuState.hpp */,
				BF7132F52C19E95700B5374C /* GameState.cpp */,
				BF7132F62C19E95700B5374C /* GameState.hpp */,
				BF7132F82C19EB3F00B5374C /* GameOverState.cpp */,
				BF7132F92C19EB3F00B5374C /* GameOverState.hpp */,
				BF7132FB2C1A420100B5374C /* Pipe.cpp */,
				BF7132FC2C1A420100B5374C /* Pipe.hpp */,
				BF7132FE2C1A4B0600B5374C /* Land.cpp */,
				BF7132FF2C1A4B0600B5374C /* Land.hpp */,
				BF7133012C1AB71B00B5374C /* Bird.cpp */,
				BF7133022C1AB71B00B5374C /* Bird.hpp */,
				BF7133042C1C122A00B5374C /* Collision.cpp */,
				BF7133052C1C122A00B5374C /* Collision.hpp */,
				BF7133072C1C190B00B5374C /* Flash.cpp */,
				BF7133082C1C190B00B5374C /* Flash.hpp */,
				BF82C0AD2C1C891200A31D29 /* HUD.cpp */,
				BF82C0AE2C1C891200A31D29 /* HUD.hpp */,
			);
			path = Flappy;
			sourceTree = "<group>";
		};
		BF3B4E5A2C19499F002DF515 /* Frameworks */ = {
			isa = PBXGroup;
			children = (
				BF3B4E5B2C19499F002DF515 /* libsfml-audio.2.6.1.dylib */,
				BF3B4E5F2C19499F002DF515 /* libsfml-graphics.2.6.1.dylib */,
				BF3B4E5C2C19499F002DF515 /* libsfml-network.2.6.1.dylib */,
				BF3B4E5E2C19499F002DF515 /* libsfml-system.2.6.1.dylib */,
				BF3B4E5D2C19499F002DF515 /* libsfml-window.2.6.1.dylib */,
			);
			name = Frameworks;
			sourceTree = "<group>";
		};
/* End PBXGroup section */

/* Begin PBXNativeTarget section */
		BF3B4E4F2C1947FA002DF515 /* Flappy */ = {
			isa = PBXNativeTarget;
			buildConfigurationList = BF3B4E572C1947FB002DF515 /* Build configuration list for PBXNativeTarget "Flappy" */;
			buildPhases = (
				BF3B4E4C2C1947FA002DF515 /* Sources */,
				BF3B4E4D2C1947FA002DF515 /* Frameworks */,
				BF3B4E4E2C1947FA002DF515 /* CopyFiles */,
				BF96A4332C1969F90058919F /* CopyFiles */,
			);
			buildRules = (
			);
			dependencies = (
			);
			name = Flappy;
			productName = Flappy;
			productReference = BF3B4E502C1947FA002DF515 /* Flappy */;
			productType = "com.apple.product-type.tool";
		};
/* End PBXNativeTarget section */

/* Begin PBXProject section */
		BF3B4E482C1947FA002DF515 /* Project object */ = {
			isa = PBXProject;
			attributes = {
				BuildIndependentTargetsInParallel = 1;
				LastUpgradeCheck = 1540;
				TargetAttributes = {
					BF3B4E4F2C1947FA002DF515 = {
						CreatedOnToolsVersion = 15.4;
					};
				};
			};
			buildConfigurationList = BF3B4E4B2C1947FA002DF515 /* Build configuration list for PBXProject "Flappy" */;
			compatibilityVersion = "Xcode 14.0";
			developmentRegion = en;
			hasScannedForEncodings = 0;
			knownRegions = (
				en,
				Base,
			);
			mainGroup = BF3B4E472C1947FA002DF515;
			productRefGroup = BF3B4E512C1947FA002DF515 /* Products */;
			projectDirPath = "";
			projectRoot = "";
			targets = (
				BF3B4E4F2C1947FA002DF515 /* Flappy */,
			);
		};
/* End PBXProject section */

/* Begin PBXSourcesBuildPhase section */
		BF3B4E4C2C1947FA002DF515 /* Sources */ = {
			isa = PBXSourcesBuildPhase;
			buildActionMask = 2147483647;
			files = (
				BF7133092C1C190B00B5374C /* Flash.cpp in Sources */,
				BF7133062C1C122A00B5374C /* Collision.cpp in Sources */,
				BF7132F42C19E4BF00B5374C /* MainMenuState.cpp in Sources */,
				BF7132F72C19E95700B5374C /* GameState.cpp in Sources */,
				BF7133002C1A4B0600B5374C /* Land.cpp in Sources */,
				BF96A3D92C1961700058919F /* InputManager.cpp in Sources */,
				BF96A3D62C195E6A0058919F /* AssetManager.cpp in Sources */,
				BF7132FA2C19EB3F00B5374C /* GameOverState.cpp in Sources */,
				BF7133032C1AB71B00B5374C /* Bird.cpp in Sources */,
				BF82C0AF2C1C891200A31D29 /* HUD.cpp in Sources */,
				BF96A4382C196AC70058919F /* SplashState.cpp in Sources */,
				BF3B4E542C1947FB002DF515 /* main.cpp in Sources */,
				BF96A3D32C19506E0058919F /* StateMachine.cpp in Sources */,
				BF96A3DC2C1964820058919F /* Game.cpp in Sources */,
				BF7132FD2C1A420100B5374C /* Pipe.cpp in Sources */,
			);
			runOnlyForDeploymentPostprocessing = 0;
		};
/* End PBXSourcesBuildPhase section */

/* Begin XCBuildConfiguration section */
		BF3B4E552C1947FB002DF515 /* Debug */ = {
			isa = XCBuildConfiguration;
			buildSettings = {
				ALWAYS_SEARCH_USER_PATHS = NO;
				ASSETCATALOG_COMPILER_GENERATE_SWIFT_ASSET_SYMBOL_EXTENSIONS = YES;
				CLANG_ANALYZER_NONNULL = YES;
				CLANG_ANALYZER_NUMBER_OBJECT_CONVERSION = YES_AGGRESSIVE;
				CLANG_CXX_LANGUAGE_STANDARD = "gnu++20";
				CLANG_ENABLE_MODULES = YES;
				CLANG_ENABLE_OBJC_ARC = YES;
				CLANG_ENABLE_OBJC_WEAK = YES;
				CLANG_WARN_BLOCK_CAPTURE_AUTORELEASING = YES;
				CLANG_WARN_BOOL_CONVERSION = YES;
				CLANG_WARN_COMMA = YES;
				CLANG_WARN_CONSTANT_CONVERSION = YES;
				CLANG_WARN_DEPRECATED_OBJC_IMPLEMENTATIONS = YES;
				CLANG_WARN_DIRECT_OBJC_ISA_USAGE = YES_ERROR;
				CLANG_WARN_DOCUMENTATION_COMMENTS = YES;
				CLANG_WARN_EMPTY_BODY = YES;
				CLANG_WARN_ENUM_CONVERSION = YES;
				CLANG_WARN_INFINITE_RECURSION = YES;
				CLANG_WARN_INT_CONVERSION = YES;
				CLANG_WARN_NON_LITERAL_NULL_CONVERSION = YES;
				CLANG_WARN_OBJC_IMPLICIT_RETAIN_SELF = YES;
				CLANG_WARN_OBJC_LITERAL_CONVERSION = YES;
				CLANG_WARN_OBJC_ROOT_CLASS = YES_ERROR;
				CLANG_WARN_QUOTED_INCLUDE_IN_FRAMEWORK_HEADER = YES;
				CLANG_WARN_RANGE_LOOP_ANALYSIS = YES;
				CLANG_WARN_STRICT_PROTOTYPES = YES;
				CLANG_WARN_SUSPICIOUS_MOVE = YES;
				CLANG_WARN_UNGUARDED_AVAILABILITY = YES_AGGRESSIVE;
				CLANG_WARN_UNREACHABLE_CODE = YES;
				CLANG_WARN__DUPLICATE_METHOD_MATCH = YES;
				COPY_PHASE_STRIP = NO;
				DEBUG_INFORMATION_FORMAT = dwarf;
				ENABLE_STRICT_OBJC_MSGSEND = YES;
				ENABLE_TESTABILITY = YES;
				ENABLE_USER_SCRIPT_SANDBOXING = YES;
				GCC_C_LANGUAGE_STANDARD = gnu17;
				GCC_DYNAMIC_NO_PIC = NO;
				GCC_NO_COMMON_BLOCKS = YES;
				GCC_OPTIMIZATION_LEVEL = 0;
				GCC_PREPROCESSOR_DEFINITIONS = (
					"DEBUG=1",
					"$(inherited)",
				);
				GCC_WARN_64_TO_32_BIT_CONVERSION = YES;
				GCC_WARN_ABOUT_RETURN_TYPE = YES_ERROR;
				GCC_WARN_UNDECLARED_SELECTOR = YES;
				GCC_WARN_UNINITIALIZED_AUTOS = YES_AGGRESSIVE;
				GCC_WARN_UNUSED_FUNCTION = YES;
				GCC_WARN_UNUSED_VARIABLE = YES;
				LOCALIZATION_PREFERS_STRING_CATALOGS = YES;
				MACOSX_DEPLOYMENT_TARGET = 14.5;
				MTL_ENABLE_DEBUG_INFO = INCLUDE_SOURCE;
				MTL_FAST_MATH = YES;
				ONLY_ACTIVE_ARCH = YES;
				SDKROOT = macosx;
			};
			name = Debug;
		};
		BF3B4E562C1947FB002DF515 /* Release */ = {
			isa = XCBuildConfiguration;
			buildSettings = {
				ALWAYS_SEARCH_USER_PATHS = NO;
				ASSETCATALOG_COMPILER_GENERATE_SWIFT_ASSET_SYMBOL_EXTENSIONS = YES;
				CLANG_ANALYZER_NONNULL = YES;
				CLANG_ANALYZER_NUMBER_OBJECT_CONVERSION = YES_AGGRESSIVE;
				CLANG_CXX_LANGUAGE_STANDARD = "gnu++20";
				CLANG_ENABLE_MODULES = YES;
				CLANG_ENABLE_OBJC_ARC = YES;
				CLANG_ENABLE_OBJC_WEAK = YES;
				CLANG_WARN_BLOCK_CAPTURE_AUTORELEASING = YES;
				CLANG_WARN_BOOL_CONVERSION = YES;
				CLANG_WARN_COMMA = YES;
				CLANG_WARN_CONSTANT_CONVERSION = YES;
				CLANG_WARN_DEPRECATED_OBJC_IMPLEMENTATIONS = YES;
				CLANG_WARN_DIRECT_OBJC_ISA_USAGE = YES_ERROR;
				CLANG_WARN_DOCUMENTATION_COMMENTS = YES;
				CLANG_WARN_EMPTY_BODY = YES;
				CLANG_WARN_ENUM_CONVERSION = YES;
				CLANG_WARN_INFINITE_RECURSION = YES;
				CLANG_WARN_INT_CONVERSION = YES;
				CLANG_WARN_NON_LITERAL_NULL_CONVERSION = YES;
				CLANG_WARN_OBJC_IMPLICIT_RETAIN_SELF = YES;
				CLANG_WARN_OBJC_LITERAL_CONVERSION = YES;
				CLANG_WARN_OBJC_ROOT_CLASS = YES_ERROR;
				CLANG_WARN_QUOTED_INCLUDE_IN_FRAMEWORK_HEADER = YES;
				CLANG_WARN_RANGE_LOOP_ANALYSIS = YES;
				CLANG_WARN_STRICT_PROTOTYPES = YES;
				CLANG_WARN_SUSPICIOUS_MOVE = YES;
				CLANG_WARN_UNGUARDED_AVAILABILITY = YES_AGGRESSIVE;
				CLANG_WARN_UNREACHABLE_CODE = YES;
				CLANG_WARN__DUPLICATE_METHOD_MATCH = YES;
				COPY_PHASE_STRIP = NO;
				DEBUG_INFORMATION_FORMAT = "dwarf-with-dsym";
				ENABLE_NS_ASSERTIONS = NO;
				ENABLE_STRICT_OBJC_MSGSEND = YES;
				ENABLE_USER_SCRIPT_SANDBOXING = YES;
				GCC_C_LANGUAGE_STANDARD = gnu17;
				GCC_NO_COMMON_BLOCKS = YES;
				GCC_WARN_64_TO_32_BIT_CONVERSION = YES;
				GCC_WARN_ABOUT_RETURN_TYPE = YES_ERROR;
				GCC_WARN_UNDECLARED_SELECTOR = YES;
				GCC_WARN_UNINITIALIZED_AUTOS = YES_AGGRESSIVE;
				GCC_WARN_UNUSED_FUNCTION = YES;
				GCC_WARN_UNUSED_VARIABLE = YES;
				LOCALIZATION_PREFERS_STRING_CATALOGS = YES;
				MACOSX_DEPLOYMENT_TARGET = 14.5;
				MTL_ENABLE_DEBUG_INFO = NO;
				MTL_FAST_MATH = YES;
				SDKROOT = macosx;
			};
			name = Release;
		};
		BF3B4E582C1947FB002DF515 /* Debug */ = {
			isa = XCBuildConfiguration;
			buildSettings = {
				CODE_SIGN_STYLE = Automatic;
				HEADER_SEARCH_PATHS = /opt/homebrew/Cellar/sfml/2.6.1/include;
				LIBRARY_SEARCH_PATHS = /opt/homebrew/Cellar/sfml/2.6.1/lib;
				PRODUCT_NAME = "$(TARGET_NAME)";
			};
			name = Debug;
		};
		BF3B4E592C1947FB002DF515 /* Release */ = {
			isa = XCBuildConfiguration;
			buildSettings = {
				CODE_SIGN_STYLE = Automatic;
				HEADER_SEARCH_PATHS = /opt/homebrew/Cellar/sfml/2.6.1/include;
				LIBRARY_SEARCH_PATHS = /opt/homebrew/Cellar/sfml/2.6.1/lib;
				PRODUCT_NAME = "$(TARGET_NAME)";
			};
			name = Release;
		};
/* End XCBuildConfiguration section */

/* Begin XCConfigurationList section */
		BF3B4E4B2C1947FA002DF515 /* Build configuration list for PBXProject "Flappy" */ = {
			isa = XCConfigurationList;
			buildConfigurations = (
				BF3B4E552C1947FB002DF515 /* Debug */,
				BF3B4E562C1947FB002DF515 /* Release */,
			);
			defaultConfigurationIsVisible = 0;
			defaultConfigurationName = Release;
		};
		BF3B4E572C1947FB002DF515 /* Build configuration list for PBXNativeTarget "Flappy" */ = {
			isa = XCConfigurationList;
			buildConfigurations = (
				BF3B4E582C1947FB002DF515 /* Debug */,
				BF3B4E592C1947FB002DF515 /* Release */,
			);
			defaultConfigurationIsVisible = 0;
			defaultConfigurationName = Release;
		};
/* End XCConfigurationList section */
	};
	rootObject = BF3B4E482C1947FA002DF515 /* Project object */;
}
